
Microsoft Visual Studio Solution File, Format Version 12.00
# Visual Studio Version 17
VisualStudioVersion = 17.5.33627.172
MinimumVisualStudioVersion = 10.0.40219.1
Project("{FAE04EC0-301F-11D3-BF4B-00C04F79EFBC}") = "ExcelParserGUI", "ExcelParserGUI\ExcelParserGUI.csproj", "{BCB92E15-8C45-4F6C-B759-599500A505DD}"
EndProject
Global
	GlobalSection(SolutionConfigurationPlatforms) = preSolution
		Debug|Any CPU = Debug|Any CPU
		Release|Any CPU = Release|Any CPU
	EndGlobalSection
	GlobalSection(ProjectConfigurationPlatforms) = postSolution
		{BCB92E15-8C45-4F6C-B759-599500A505DD}.Debug|Any CPU.ActiveCfg = Debug|Any CPU
		{BCB92E15-8C45-4F6C-B759-599500A505DD}.Debug|Any CPU.Build.0 = Debug|Any CPU
		{BCB92E15-8C45-4F6C-B759-599500A505DD}.Release|Any CPU.ActiveCfg = Release|Any CPU
		{BCB92E15-8C45-4F6C-B759-599500A505DD}.Release|Any CPU.Build.0 = Release|Any CPU
	EndGlobalSection
	GlobalSection(SolutionProperties) = preSolution
		HideSolutionNode = FALSE
	EndGlobalSection
	GlobalSection(ExtensibilityGlobals) = postSolution
		SolutionGuid = {80AF371C-C3C7-4287-B6CF-31CF77B204A3}
	EndGlobalSection
EndGlobal
